
Microsoft Visual Studio Solution File, Format Version 11.00
# Visual Studio 2010
Project("{FAE04EC0-301F-11D3-BF4B-00C04F79EFBC}") = "cinema2018", "cinema2018\cinema2018.csproj", "{A38B587D-27A8-4325-A06F-8548B97588CC}"
EndProject
Global
	GlobalSection(SolutionConfigurationPlatforms) = preSolution
		Debug|Any CPU = Debug|Any CPU
		Release|Any CPU = Release|Any CPU
	EndGlobalSection
	GlobalSection(ProjectConfigurationPlatforms) = postSolution
		{A38B587D-27A8-4325-A06F-8548B97588CC}.Debug|Any CPU.ActiveCfg = Debug|Any CPU
		{A38B587D-27A8-4325-A06F-8548B97588CC}.Debug|Any CPU.Build.0 = Debug|Any CPU
		{A38B587D-27A8-4325-A06F-8548B97588CC}.Release|Any CPU.ActiveCfg = Release|Any CPU
		{A38B587D-27A8-4325-A06F-8548B97588CC}.Release|Any CPU.Build.0 = Release|Any CPU
	EndGlobalSection
	GlobalSection(SolutionProperties) = preSolution
		HideSolutionNode = FALSE
	EndGlobalSection
EndGlobal
